
Microsoft Visual Studio Solution File, Format Version 12.00
# Visual Studio Version 17
VisualStudioVersion = 17.10.35201.131
MinimumVisualStudioVersion = 10.0.40219.1
Project("{FAE04EC0-301F-11D3-BF4B-00C04F79EFBC}") = "WS.WorkerExample", "WS.WorkerExample.csproj", "{765E0CDB-9D29-4AC9-8D1B-266868C5E221}"
EndProject
Global
	GlobalSection(SolutionConfigurationPlatforms) = preSolution
		Debug|Any CPU = Debug|Any CPU
		Release|Any CPU = Release|Any CPU
	EndGlobalSection
	GlobalSection(ProjectConfigurationPlatforms) = postSolution
		{765E0CDB-9D29-4AC9-8D1B-266868C5E221}.Debug|Any CPU.ActiveCfg = Debug|Any CPU
		{765E0CDB-9D29-4AC9-8D1B-266868C5E221}.Debug|Any CPU.Build.0 = Debug|Any CPU
		{765E0CDB-9D29-4AC9-8D1B-266868C5E221}.Release|Any CPU.ActiveCfg = Release|Any CPU
		{765E0CDB-9D29-4AC9-8D1B-266868C5E221}.Release|Any CPU.Build.0 = Release|Any CPU
	EndGlobalSection
	GlobalSection(SolutionProperties) = preSolution
		HideSolutionNode = FALSE
	EndGlobalSection
	GlobalSection(ExtensibilityGlobals) = postSolution
		SolutionGuid = {7ABE68F3-E03C-4E15-923D-13BCC2C3A1CB}
	EndGlobalSection
EndGlobal
